// !$*UTF8*$!
{
	archiveVersion = 1;
	classes = {
	};
	objectVersion = 46;
	objects = {

/* Begin PBXBuildFile section */
		E7E6927F1F15A9D600DD6C82 /* AppDelegate.swift in Sources */ = {isa = PBXBuildFile; fileRef = E7E6927E1F15A9D600DD6C82 /* AppDelegate.swift */; };
		E7E692811F15A9D600DD6C82 /* ViewController.swift in Sources */ = {isa = PBXBuildFile; fileRef = E7E692801F15A9D600DD6C82 /* ViewController.swift */; };
		E7E692841F15A9D600DD6C82 /* Main.storyboard in Resources */ = {isa = PBXBuildFile; fileRef = E7E692821F15A9D600DD6C82 /* Main.storyboard */; };
		E7E692861F15A9D600DD6C82 /* Assets.xcassets in Resources */ = {isa = PBXBuildFile; fileRef = E7E692851F15A9D600DD6C82 /* Assets.xcassets */; };
		E7E692891F15A9D600DD6C82 /* LaunchScreen.storyboard in Resources */ = {isa = PBXBuildFile; fileRef = E7E692871F15A9D600DD6C82 /* LaunchScreen.storyboard */; };
/* End PBXBuildFile section */

/* Begin PBXFileReference section */
		E7E6927B1F15A9D600DD6C82 /* Layout Demo.app */ = {isa = PBXFileReference; explicitFileType = wrapper.application; includeInIndex = 0; path = "Layout Demo.app"; sourceTree = BUILT_PRODUCTS_DIR; };
		E7E6927E1F15A9D600DD6C82 /* AppDelegate.swift */ = {isa = PBXFileReference; lastKnownFileType = sourcecode.swift; path = AppDelegate.swift; sourceTree = "<group>"; };
		E7E692801F15A9D600DD6C82 /* ViewController.swift */ = {isa = PBXFileReference; lastKnownFileType = sourcecode.swift; path = ViewController.swift; sourceTree = "<group>"; };
		E7E692831F15A9D600DD6C82 /* Base */ = {isa = PBXFileReference; lastKnownFileType = file.storyboard; name = Base; path = Base.lproj/Main.storyboard; sourceTree = "<group>"; };
		E7E692851F15A9D600DD6C82 /* Assets.xcassets */ = {isa = PBXFileReference; lastKnownFileType = folder.assetcatalog; path = Assets.xcassets; sourceTree = "<group>"; };
		E7E692881F15A9D600DD6C82 /* Base */ = {isa = PBXFileReference; lastKnownFileType = file.storyboard; name = Base; path = Base.lproj/LaunchScreen.storyboard; sourceTree = "<group>"; };
		E7E6928A1F15A9D600DD6C82 /* Info.plist */ = {isa = PBXFileReference; lastKnownFileType = text.plist.xml; path = Info.plist; sourceTree = "<group>"; };
/* End PBXFileReference section */

/* Begin PBXFrameworksBuildPhase section */
		E7E692781F15A9D600DD6C82 /* Frameworks */ = {
			isa = PBXFrameworksBuildPhase;
			buildActionMask = 2147483647;
			files = (
			);
			runOnlyForDeploymentPostprocessing = 0;
		};
/* End PBXFrameworksBuildPhase section */

/* Begin PBXGroup section */
		E7E692721F15A9D600DD6C82 = {
			isa = PBXGroup;
			children = (
				E7E6927D1F15A9D600DD6C82 /* Layout Demo */,
				E7E6927C1F15A9D600DD6C82 /* Products */,
			);
			sourceTree = "<group>";
		};
		E7E6927C1F15A9D600DD6C82 /* Products */ = {
			isa = PBXGroup;
			children = (
				E7E6927B1F15A9D600DD6C82 /* Layout Demo.app */,
			);
			name = Products;
			sourceTree = "<group>";
		};
		E7E6927D1F15A9D600DD6C82 /* Layout Demo */ = {
			isa = PBXGroup;
			children = (
				E7E6927E1F15A9D600DD6C82 /* AppDelegate.swift */,
				E7E692801F15A9D600DD6C82 /* ViewController.swift */,
				E7E692821F15A9D600DD6C82 /* Main.storyboard */,
				E7E692851F15A9D600DD6C82 /* Assets.xcassets */,
				E7E692871F15A9D600DD6C82 /* LaunchScreen.storyboard */,
				E7E6928A1F15A9D600DD6C82 /* Info.plist */,
			);
			path = "Layout Demo";
			sourceTree = "<group>";
		};
/* End PBXGroup section */

/* Begin PBXNativeTarget section */
		E7E6927A1F15A9D600DD6C82 /* Layout Demo */ = {
			isa = PBXNativeTarget;
			buildConfigurationList = E7E6928D1F15A9D600DD6C82 /* Build configuration list for PBXNativeTarget "Layout Demo" */;
			buildPhases = (
				E7E692771F15A9D600DD6C82 /* Sources */,
				E7E692781F15A9D600DD6C82 /* Frameworks */,
				E7E692791F15A9D600DD6C82 /* Resources */,
			);
			buildRules = (
			);
			dependencies = (
			);
			name = "Layout Demo";
			productName = "Layout Demo";
			productReference = E7E6927B1F15A9D600DD6C82 /* Layout Demo.app */;
			productType = "com.apple.product-type.application";
		};
/* End PBXNativeTarget section */

/* Begin PBXProject section */
		E7E692731F15A9D600DD6C82 /* Project object */ = {
			isa = PBXProject;
			attributes = {
				LastSwiftUpdateCheck = 0830;
				LastUpgradeCheck = 0830;
				ORGANIZATIONNAME = "Shivanshu Chaudhary";
				TargetAttributes = {
					E7E6927A1F15A9D600DD6C82 = {
						CreatedOnToolsVersion = 8.3.3;
						DevelopmentTeam = L68793CD58;
						ProvisioningStyle = Automatic;
					};
				};
			};
			buildConfigurationList = E7E692761F15A9D600DD6C82 /* Build configuration list for PBXProject "Layout Demo" */;
			compatibilityVersion = "Xcode 3.2";
			developmentRegion = English;
			hasScannedForEncodings = 0;
			knownRegions = (
				en,
				Base,
			);
			mainGroup = E7E692721F15A9D600DD6C82;
			productRefGroup = E7E6927C1F15A9D600DD6C82 /* Products */;
			projectDirPath = "";
			projectRoot = "";
			targets = (
				E7E6927A1F15A9D600DD6C82 /* Layout Demo */,
			);
		};
/* End PBXProject section */

/* Begin PBXResourcesBuildPhase section */
		E7E692791F15A9D600DD6C82 /* Resources */ = {
			isa = PBXResourcesBuildPhase;
			buildActionMask = 2147483647;
			files = (
				E7E692891F15A9D600DD6C82 /* LaunchScreen.storyboard in Resources */,
				E7E692861F15A9D600DD6C82 /* Assets.xcassets in Resources */,
				E7E692841F15A9D600DD6C82 /* Main.storyboard in Resources */,
			);
			runOnlyForDeploymentPostprocessing = 0;
		};
/* End PBXResourcesBuildPhase section */

/* Begin PBXSourcesBuildPhase section */
		E7E692771F15A9D600DD6C82 /* Sources */ = {
			isa = PBXSourcesBuildPhase;
			buildActionMask = 2147483647;
			files = (
				E7E692811F15A9D600DD6C82 /* ViewController.swift in Sources */,
				E7E6927F1F15A9D600DD6C82 /* AppDelegate.swift in Sources */,
			);
			runOnlyForDeploymentPostprocessing = 0;
		};
/* End PBXSourcesBuildPhase section */

/* Begin PBXVariantGroup section */
		E7E692821F15A9D600DD6C82 /* Main.storyboard */ = {
			isa = PBXVariantGroup;
			children = (
				E7E692831F15A9D600DD6C82 /* Base */,
			);
			name = Main.storyboard;
			sourceTree = "<group>";
		};
		E7E692871F15A9D600DD6C82 /* LaunchScreen.storyboard */ = {
			isa = PBXVariantGroup;
			children = (
				E7E692881F15A9D600DD6C82 /* Base */,
			);
			name = LaunchScreen.storyboard;
			sourceTree = "<group>";
		};
/* End PBXVariantGroup section */

/* Begin XCBuildConfiguration section */
		E7E6928B1F15A9D600DD6C82 /* Debug */ = {
			isa = XCBuildConfiguration;
			buildSettings = {
				ALWAYS_SEARCH_USER_PATHS = NO;
				CLANG_ANALYZER_NONNULL = YES;
				CLANG_ANALYZER_NUMBER_OBJECT_CONVERSION = YES_AGGRESSIVE;
				CLANG_CXX_LANGUAGE_STANDARD = "gnu++0x";
				CLANG_CXX_LIBRARY = "libc++";
				CLANG_ENABLE_MODULES = YES;
				CLANG_ENABLE_OBJC_ARC = YES;
				CLANG_WARN_BOOL_CONVERSION = YES;
				CLANG_WARN_CONSTANT_CONVERSION = YES;
				CLANG_WARN_DIRECT_OBJC_ISA_USAGE = YES_ERROR;
				CLANG_WARN_DOCUMENTATION_COMMENTS = YES;
				CLANG_WARN_EMPTY_BODY = YES;
				CLANG_WARN_ENUM_CONVERSION = YES;
				CLANG_WARN_INFINITE_RECURSION = YES;
				CLANG_WARN_INT_CONVERSION = YES;
				CLANG_WARN_OBJC_ROOT_CLASS = YES_ERROR;
				CLANG_WARN_SUSPICIOUS_MOVE = YES;
				CLANG_WARN_UNREACHABLE_CODE = YES;
				CLANG_WARN__DUPLICATE_METHOD_MATCH = YES;
				"CODE_SIGN_IDENTITY[sdk=iphoneos*]" = "iPhone Developer";
				COPY_PHASE_STRIP = NO;
				DEBUG_INFORMATION_FORMAT = dwarf;
				ENABLE_STRICT_OBJC_MSGSEND = YES;
				ENABLE_TESTABILITY = YES;
				GCC_C_LANGUAGE_STANDARD = gnu99;
				GCC_DYNAMIC_NO_PIC = NO;
				GCC_NO_COMMON_BLOCKS = YES;
				GCC_OPTIMIZATION_LEVEL = 0;
				GCC_PREPROCESSOR_DEFINITIONS = (
					"DEBUG=1",
					"$(inherited)",
				);
				GCC_WARN_64_TO_32_BIT_CONVERSION = YES;
				GCC_WARN_ABOUT_RETURN_TYPE = YES_ERROR;
				GCC_WARN_UNDECLARED_SELECTOR = YES;
				GCC_WARN_UNINITIALIZED_AUTOS = YES_AGGRESSIVE;
				GCC_WARN_UNUSED_FUNCTION = YES;
				GCC_WARN_UNUSED_VARIABLE = YES;
				IPHONEOS_DEPLOYMENT_TARGET = 10.3;
				MTL_ENABLE_DEBUG_INFO = YES;
				ONLY_ACTIVE_ARCH = YES;
				SDKROOT = iphoneos;
				SWIFT_ACTIVE_COMPILATION_CONDITIONS = DEBUG;
				SWIFT_OPTIMIZATION_LEVEL = "-Onone";
				TARGETED_DEVICE_FAMILY = "1,2";
			};
			name = Debug;
		};
		E7E6928C1F15A9D600DD6C82 /* Release */ = {
			isa = XCBuildConfiguration;
			buildSettings = {
				ALWAYS_SEARCH_USER_PATHS = NO;
				CLANG_ANALYZER_NONNULL = YES;
				CLANG_ANALYZER_NUMBER_OBJECT_CONVERSION = YES_AGGRESSIVE;
				CLANG_CXX_LANGUAGE_STANDARD = "gnu++0x";
				CLANG_CXX_LIBRARY = "libc++";
				CLANG_ENABLE_MODULES = YES;
				CLANG_ENABLE_OBJC_ARC = YES;
				CLANG_WARN_BOOL_CONVERSION = YES;
				CLANG_WARN_CONSTANT_CONVERSION = YES;
				CLANG_WARN_DIRECT_OBJC_ISA_USAGE = YES_ERROR;
				CLANG_WARN_DOCUMENTATION_COMMENTS = YES;
				CLANG_WARN_EMPTY_BODY = YES;
				CLANG_WARN_ENUM_CONVERSION = YES;
				CLANG_WARN_INFINITE_RECURSION = YES;
				CLANG_WARN_INT_CONVERSION = YES;
				CLANG_WARN_OBJC_ROOT_CLASS = YES_ERROR;
				CLANG_WARN_SUSPICIOUS_MOVE = YES;
				CLANG_WARN_UNREACHABLE_CODE = YES;
				CLANG_WARN__DUPLICATE_METHOD_MATCH = YES;
				"CODE_SIGN_IDENTITY[sdk=iphoneos*]" = "iPhone Developer";
				COPY_PHASE_STRIP = NO;
				DEBUG_INFORMATION_FORMAT = "dwarf-with-dsym";
				ENABLE_NS_ASSERTIONS = NO;
				ENABLE_STRICT_OBJC_MSGSEND = YES;
				GCC_C_LANGUAGE_STANDARD = gnu99;
				GCC_NO_COMMON_BLOCKS = YES;
				GCC_WARN_64_TO_32_BIT_CONVERSION = YES;
				GCC_WARN_ABOUT_RETURN_TYPE = YES_ERROR;
				GCC_WARN_UNDECLARED_SELECTOR = YES;
				GCC_WARN_UNINITIALIZED_AUTOS = YES_AGGRESSIVE;
				GCC_WARN_UNUSED_FUNCTION = YES;
				GCC_WARN_UNUSED_VARIABLE = YES;
				IPHONEOS_DEPLOYMENT_TARGET = 10.3;
				MTL_ENABLE_DEBUG_INFO = NO;
				SDKROOT = iphoneos;
				SWIFT_OPTIMIZATION_LEVEL = "-Owholemodule";
				TARGETED_DEVICE_FAMILY = "1,2";
				VALIDATE_PRODUCT = YES;
			};
			name = Release;
		};
		E7E6928E1F15A9D600DD6C82 /* Debug */ = {
			isa = XCBuildConfiguration;
			buildSettings = {
				ASSETCATALOG_COMPILER_APPICON_NAME = AppIcon;
				DEVELOPMENT_TEAM = L68793CD58;
				INFOPLIST_FILE = "Layout Demo/Info.plist";
				LD_RUNPATH_SEARCH_PATHS = "$(inherited) @executable_path/Frameworks";
				PRODUCT_BUNDLE_IDENTIFIER = "MohMaya.Layout-Demo";
				PRODUCT_NAME = "$(TARGET_NAME)";
				SWIFT_VERSION = 3.0;
			};
			name = Debug;
		};
		E7E6928F1F15A9D600DD6C82 /* Release */ = {
			isa = XCBuildConfiguration;
			buildSettings = {
				ASSETCATALOG_COMPILER_APPICON_NAME = AppIcon;
				DEVELOPMENT_TEAM = L68793CD58;
				INFOPLIST_FILE = "Layout Demo/Info.plist";
				LD_RUNPATH_SEARCH_PATHS = "$(inherited) @executable_path/Frameworks";
				PRODUCT_BUNDLE_IDENTIFIER = "MohMaya.Layout-Demo";
				PRODUCT_NAME = "$(TARGET_NAME)";
				SWIFT_VERSION = 3.0;
			};
			name = Release;
		};
/* End XCBuildConfiguration section */

/* Begin XCConfigurationList section */
		E7E692761F15A9D600DD6C82 /* Build configuration list for PBXProject "Layout Demo" */ = {
			isa = XCConfigurationList;
			buildConfigurations = (
				E7E6928B1F15A9D600DD6C82 /* Debug */,
				E7E6928C1F15A9D600DD6C82 /* Release */,
			);
			defaultConfigurationIsVisible = 0;
			defaultConfigurationName = Release;
		};
		E7E6928D1F15A9D600DD6C82 /* Build configuration list for PBXNativeTarget "Layout Demo" */ = {
			isa = XCConfigurationList;
			buildConfigurations = (
				E7E6928E1F15A9D600DD6C82 /* Debug */,
				E7E6928F1F15A9D600DD6C82 /* Release */,
			);
			defaultConfigurationIsVisible = 0;
		};
/* End XCConfigurationList section */
	};
	rootObject = E7E692731F15A9D600DD6C82 /* Project object */;
}
